
Microsoft Visual Studio Solution File, Format Version 12.00
# Visual Studio 15
VisualStudioVersion = 15.0.28307.572
MinimumVisualStudioVersion = 10.0.40219.1
Project("{FAE04EC0-301F-11D3-BF4B-00C04F79EFBC}") = "GradeBook", "GradeBook\GradeBook.csproj", "{2173F1CD-B0D3-4357-9C2C-FD5E3A1A2FE7}"
EndProject
Global
	GlobalSection(SolutionConfigurationPlatforms) = preSolution
		Debug|Any CPU = Debug|Any CPU
		Release|Any CPU = Release|Any CPU
	EndGlobalSection
	GlobalSection(ProjectConfigurationPlatforms) = postSolution
		{2173F1CD-B0D3-4357-9C2C-FD5E3A1A2FE7}.Debug|Any CPU.ActiveCfg = Debug|Any CPU
		{2173F1CD-B0D3-4357-9C2C-FD5E3A1A2FE7}.Debug|Any CPU.Build.0 = Debug|Any CPU
		{2173F1CD-B0D3-4357-9C2C-FD5E3A1A2FE7}.Release|Any CPU.ActiveCfg = Release|Any CPU
		{2173F1CD-B0D3-4357-9C2C-FD5E3A1A2FE7}.Release|Any CPU.Build.0 = Release|Any CPU
	EndGlobalSection
	GlobalSection(SolutionProperties) = preSolution
		HideSolutionNode = FALSE
	EndGlobalSection
	GlobalSection(ExtensibilityGlobals) = postSolution
		SolutionGuid = {27E06FDF-618E-46AF-974F-DB64D87A6B26}
	EndGlobalSection
EndGlobal
